
Microsoft Visual Studio Solution File, Format Version 12.00
# Visual Studio Version 17
VisualStudioVersion = 17.5.33516.290
MinimumVisualStudioVersion = 10.0.40219.1
Project("{FAE04EC0-301F-11D3-BF4B-00C04F79EFBC}") = "Variables Practice", "Variables Practice\Variables Practice.csproj", "{4CD29699-8043-40B0-A32F-97D55B07E698}"
EndProject
Global
	GlobalSection(SolutionConfigurationPlatforms) = preSolution
		Debug|Any CPU = Debug|Any CPU
		Release|Any CPU = Release|Any CPU
	EndGlobalSection
	GlobalSection(ProjectConfigurationPlatforms) = postSolution
		{4CD29699-8043-40B0-A32F-97D55B07E698}.Debug|Any CPU.ActiveCfg = Debug|Any CPU
		{4CD29699-8043-40B0-A32F-97D55B07E698}.Debug|Any CPU.Build.0 = Debug|Any CPU
		{4CD29699-8043-40B0-A32F-97D55B07E698}.Release|Any CPU.ActiveCfg = Release|Any CPU
		{4CD29699-8043-40B0-A32F-97D55B07E698}.Release|Any CPU.Build.0 = Release|Any CPU
	EndGlobalSection
	GlobalSection(SolutionProperties) = preSolution
		HideSolutionNode = FALSE
	EndGlobalSection
	GlobalSection(ExtensibilityGlobals) = postSolution
		SolutionGuid = {02DA6BFA-2FEB-4D2B-A6BC-3B9559F6CE30}
	EndGlobalSection
EndGlobal
